
Microsoft Visual Studio Solution File, Format Version 12.00
# Visual Studio 14
VisualStudioVersion = 14.0.24627.0
MinimumVisualStudioVersion = 10.0.40219.1
Project("{FAE04EC0-301F-11D3-BF4B-00C04F79EFBC}") = "ECS.Test", "ECS.Test\ECS.Test.csproj", "{F7B48067-9947-4277-B308-8B947E384EED}"
EndProject
Project("{FAE04EC0-301F-11D3-BF4B-00C04F79EFBC}") = "ECS.AnotherTest", "ECS.AnotherTest\ECS.AnotherTest.csproj", "{84FC37D4-F5AA-4B43-A63C-D3B19E122B83}"
EndProject
Global
	GlobalSection(SolutionConfigurationPlatforms) = preSolution
		Debug|Any CPU = Debug|Any CPU
		Release|Any CPU = Release|Any CPU
	EndGlobalSection
	GlobalSection(ProjectConfigurationPlatforms) = postSolution
		{F7B48067-9947-4277-B308-8B947E384EED}.Debug|Any CPU.ActiveCfg = Debug|Any CPU
		{F7B48067-9947-4277-B308-8B947E384EED}.Debug|Any CPU.Build.0 = Debug|Any CPU
		{F7B48067-9947-4277-B308-8B947E384EED}.Release|Any CPU.ActiveCfg = Release|Any CPU
		{F7B48067-9947-4277-B308-8B947E384EED}.Release|Any CPU.Build.0 = Release|Any CPU
		{84FC37D4-F5AA-4B43-A63C-D3B19E122B83}.Debug|Any CPU.ActiveCfg = Debug|Any CPU
		{84FC37D4-F5AA-4B43-A63C-D3B19E122B83}.Debug|Any CPU.Build.0 = Debug|Any CPU
		{84FC37D4-F5AA-4B43-A63C-D3B19E122B83}.Release|Any CPU.ActiveCfg = Release|Any CPU
		{84FC37D4-F5AA-4B43-A63C-D3B19E122B83}.Release|Any CPU.Build.0 = Release|Any CPU
	EndGlobalSection
	GlobalSection(SolutionProperties) = preSolution
		HideSolutionNode = FALSE
	EndGlobalSection
EndGlobal
